Microsoft Visual Studio Solution File, Format Version 12.00
# Visual Studio Version 18
VisualStudioVersion = 18.0.11222.15
MinimumVisualStudioVersion = 10.0.40219.1
Project("{9A19103F-16F7-4668-BE54-9A1E7A4F7556}") = "SolaceOboManager.Manager", "src\SolaceOboManager.Manager\SolaceOboManager.Manager.csproj", "{C2925AFB-96CC-45CC-9640-E12778E6600D}"
EndProject
Project("{9A19103F-16F7-4668-BE54-9A1E7A4F7556}") = "SolaceOboManager.Client", "src\SolaceOboManager.Client\SolaceOboManager.Client.csproj", "{330AAA9F-A2F3-411E-8510-33E37714A0E8}"
EndProject
Project("{9A19103F-16F7-4668-BE54-9A1E7A4F7556}") = "SolaceOboManager.Producer", "src\SolaceOboManager.Producer\SolaceOboManager.Producer.csproj", "{3C191CE6-F2BB-4B1B-991D-717382932B86}"
EndProject
Project("{9A19103F-16F7-4668-BE54-9A1E7A4F7556}") = "SolaceOboManager.Shared", "src\SolaceOboManager.Shared\SolaceOboManager.Shared.csproj", "{C03F607D-F2C3-433E-8863-00CF706A9C58}"
EndProject
Project("{9A19103F-16F7-4668-BE54-9A1E7A4F7556}") = "SolaceOboManager.AppHost", "src\SolaceOboManager.AppHost\SolaceOboManager.AppHost.csproj", "{91B6B3B9-5820-4B9C-9993-8EC653AB718D}"
EndProject
Project("{FAE04EC0-301F-11D3-BF4B-00C04F79EFBC}") = "SolaceOboManager.ServiceDefaults", "src\SolaceOboManager.ServiceDefaults\SolaceOboManager.ServiceDefaults.csproj", "{272C3269-12F2-4965-8401-4C39BFD7F307}"
EndProject
Project("{2150E333-8FDC-42A3-9474-1A3956D46DE8}") = "Source", "Source", "{39ECF665-64BA-4AE7-8217-A155DEF64B51}"
EndProject
Project("{2150E333-8FDC-42A3-9474-1A3956D46DE8}") = "Hosting", "Hosting", "{B191BADD-6702-44A3-B2D8-D4C012EB64B6}"
EndProject
Project("{2150E333-8FDC-42A3-9474-1A3956D46DE8}") = "Tests", "Tests", "{93A61FF2-E416-470A-BC58-6433FCB15E76}"
EndProject
Project("{FAE04EC0-301F-11D3-BF4B-00C04F79EFBC}") = "SolaceOboManager.Benchmarks", "tests\SolaceOboManager.Benchmarks\SolaceOboManager.Benchmarks.csproj", "{3F7A8CB1-A241-4CEB-A0DC-61D4011DDBCC}"
EndProject
Project("{FAE04EC0-301F-11D3-BF4B-00C04F79EFBC}") = "SolaceOboManager.Tests", "tests\SolaceOboManager.Tests\SolaceOboManager.Tests.csproj", "{569F6FA1-2D1F-4127-B7CC-395CB844A583}"
EndProject
Project("{FAE04EC0-301F-11D3-BF4B-00C04F79EFBC}") = "SolaceOboManager.IntegrationTests", "tests\SolaceOboManager.IntegrationTests\SolaceOboManager.IntegrationTests.csproj", "{3B029150-C02C-4F99-889C-1159B7336647}"
EndProject
Project("{FAE04EC0-301F-11D3-BF4B-00C04F79EFBC}") = "SolaceOboManager.LoadTests", "tests\SolaceOboManager.LoadTests\SolaceOboManager.LoadTests.csproj", "{90772216-C687-4299-9E83-A66DC5212CD3}"
EndProject
Project("{FAE04EC0-301F-11D3-BF4B-00C04F79EFBC}") = "SolaceOboManager.Channels.Worker", "src\SolaceOboManager.Channels.Worker\SolaceOboManager.Channels.Worker.csproj", "{546B4E2E-2B0B-F820-6DBB-E75252BC59D4}"
EndProject
Project("{FAE04EC0-301F-11D3-BF4B-00C04F79EFBC}") = "SolaceOboManager.Aspire", "src\SolaceOboManager.Aspire\SolaceOboManager.Aspire.csproj", "{A11B4C06-8708-4218-8948-1B53619D1DF4}"
EndProject
Project("{FAE04EC0-301F-11D3-BF4B-00C04F79EFBC}") = "Solace.MessagingClient", "src\Solace.MessagingClient\Solace.MessagingClient.csproj", "{A873E5B9-40EC-4F31-A37C-596BACEEB351}"
EndProject
Project("{FAE04EC0-301F-11D3-BF4B-00C04F79EFBC}") = "SolaceOboManager.OAuthClient", "src\SolaceOboManager.OAuthClient\SolaceOboManager.OAuthClient.csproj", "{C0384A1C-DB62-ADD6-3CE2-E823F97BE9D1}"
EndProject
Global
	GlobalSection(SolutionConfigurationPlatforms) = preSolution
		Debug|Any CPU = Debug|Any CPU
		Release|Any CPU = Release|Any CPU
	EndGlobalSection
	GlobalSection(ProjectConfigurationPlatforms) = postSolution
		{C2925AFB-96CC-45CC-9640-E12778E6600D}.Debug|Any CPU.ActiveCfg = Debug|Any CPU
		{C2925AFB-96CC-45CC-9640-E12778E6600D}.Debug|Any CPU.Build.0 = Debug|Any CPU
		{C2925AFB-96CC-45CC-9640-E12778E6600D}.Release|Any CPU.ActiveCfg = Release|Any CPU
		{C2925AFB-96CC-45CC-9640-E12778E6600D}.Release|Any CPU.Build.0 = Release|Any CPU
		{330AAA9F-A2F3-411E-8510-33E37714A0E8}.Debug|Any CPU.ActiveCfg = Debug|Any CPU
		{330AAA9F-A2F3-411E-8510-33E37714A0E8}.Debug|Any CPU.Build.0 = Debug|Any CPU
		{330AAA9F-A2F3-411E-8510-33E37714A0E8}.Release|Any CPU.ActiveCfg = Release|Any CPU
		{330AAA9F-A2F3-411E-8510-33E37714A0E8}.Release|Any CPU.Build.0 = Release|Any CPU
		{3C191CE6-F2BB-4B1B-991D-717382932B86}.Debug|Any CPU.ActiveCfg = Debug|Any CPU
		{3C191CE6-F2BB-4B1B-991D-717382932B86}.Debug|Any CPU.Build.0 = Debug|Any CPU
		{3C191CE6-F2BB-4B1B-991D-717382932B86}.Release|Any CPU.ActiveCfg = Release|Any CPU
		{3C191CE6-F2BB-4B1B-991D-717382932B86}.Release|Any CPU.Build.0 = Release|Any CPU
		{C03F607D-F2C3-433E-8863-00CF706A9C58}.Debug|Any CPU.ActiveCfg = Debug|Any CPU
		{C03F607D-F2C3-433E-8863-00CF706A9C58}.Debug|Any CPU.Build.0 = Debug|Any CPU
		{C03F607D-F2C3-433E-8863-00CF706A9C58}.Release|Any CPU.ActiveCfg = Release|Any CPU
		{C03F607D-F2C3-433E-8863-00CF706A9C58}.Release|Any CPU.Build.0 = Release|Any CPU
		{91B6B3B9-5820-4B9C-9993-8EC653AB718D}.Debug|Any CPU.ActiveCfg = Debug|Any CPU
		{91B6B3B9-5820-4B9C-9993-8EC653AB718D}.Debug|Any CPU.Build.0 = Debug|Any CPU
		{91B6B3B9-5820-4B9C-9993-8EC653AB718D}.Release|Any CPU.ActiveCfg = Release|Any CPU
		{91B6B3B9-5820-4B9C-9993-8EC653AB718D}.Release|Any CPU.Build.0 = Release|Any CPU
		{272C3269-12F2-4965-8401-4C39BFD7F307}.Debug|Any CPU.ActiveCfg = Debug|Any CPU
		{272C3269-12F2-4965-8401-4C39BFD7F307}.Debug|Any CPU.Build.0 = Debug|Any CPU
		{272C3269-12F2-4965-8401-4C39BFD7F307}.Release|Any CPU.ActiveCfg = Release|Any CPU
		{272C3269-12F2-4965-8401-4C39BFD7F307}.Release|Any CPU.Build.0 = Release|Any CPU
		{3F7A8CB1-A241-4CEB-A0DC-61D4011DDBCC}.Debug|Any CPU.ActiveCfg = Release|Any CPU
		{3F7A8CB1-A241-4CEB-A0DC-61D4011DDBCC}.Debug|Any CPU.Build.0 = Release|Any CPU
		{3F7A8CB1-A241-4CEB-A0DC-61D4011DDBCC}.Release|Any CPU.ActiveCfg = Release|Any CPU
		{3F7A8CB1-A241-4CEB-A0DC-61D4011DDBCC}.Release|Any CPU.Build.0 = Release|Any CPU
		{569F6FA1-2D1F-4127-B7CC-395CB844A583}.Debug|Any CPU.ActiveCfg = Debug|Any CPU
		{569F6FA1-2D1F-4127-B7CC-395CB844A583}.Debug|Any CPU.Build.0 = Debug|Any CPU
		{569F6FA1-2D1F-4127-B7CC-395CB844A583}.Release|Any CPU.ActiveCfg = Release|Any CPU
		{569F6FA1-2D1F-4127-B7CC-395CB844A583}.Release|Any CPU.Build.0 = Release|Any CPU
		{3B029150-C02C-4F99-889C-1159B7336647}.Debug|Any CPU.ActiveCfg = Debug|Any CPU
		{3B029150-C02C-4F99-889C-1159B7336647}.Debug|Any CPU.Build.0 = Debug|Any CPU
		{3B029150-C02C-4F99-889C-1159B7336647}.Release|Any CPU.ActiveCfg = Release|Any CPU
		{3B029150-C02C-4F99-889C-1159B7336647}.Release|Any CPU.Build.0 = Release|Any CPU
		{90772216-C687-4299-9E83-A66DC5212CD3}.Debug|Any CPU.ActiveCfg = Debug|Any CPU
		{90772216-C687-4299-9E83-A66DC5212CD3}.Debug|Any CPU.Build.0 = Debug|Any CPU
		{90772216-C687-4299-9E83-A66DC5212CD3}.Release|Any CPU.ActiveCfg = Release|Any CPU
		{90772216-C687-4299-9E83-A66DC5212CD3}.Release|Any CPU.Build.0 = Release|Any CPU
		{546B4E2E-2B0B-F820-6DBB-E75252BC59D4}.Debug|Any CPU.ActiveCfg = Debug|Any CPU
		{546B4E2E-2B0B-F820-6DBB-E75252BC59D4}.Debug|Any CPU.Build.0 = Debug|Any CPU
		{546B4E2E-2B0B-F820-6DBB-E75252BC59D4}.Release|Any CPU.ActiveCfg = Release|Any CPU
		{546B4E2E-2B0B-F820-6DBB-E75252BC59D4}.Release|Any CPU.Build.0 = Release|Any CPU
		{A11B4C06-8708-4218-8948-1B53619D1DF4}.Debug|Any CPU.ActiveCfg = Debug|Any CPU
		{A11B4C06-8708-4218-8948-1B53619D1DF4}.Debug|Any CPU.Build.0 = Debug|Any CPU
		{A11B4C06-8708-4218-8948-1B53619D1DF4}.Release|Any CPU.ActiveCfg = Release|Any CPU
		{A11B4C06-8708-4218-8948-1B53619D1DF4}.Release|Any CPU.Build.0 = Release|Any CPU
		{A873E5B9-40EC-4F31-A37C-596BACEEB351}.Debug|Any CPU.ActiveCfg = Debug|Any CPU
		{A873E5B9-40EC-4F31-A37C-596BACEEB351}.Debug|Any CPU.Build.0 = Debug|Any CPU
		{A873E5B9-40EC-4F31-A37C-596BACEEB351}.Release|Any CPU.ActiveCfg = Release|Any CPU
		{A873E5B9-40EC-4F31-A37C-596BACEEB351}.Release|Any CPU.Build.0 = Release|Any CPU
		{C0384A1C-DB62-ADD6-3CE2-E823F97BE9D1}.Debug|Any CPU.ActiveCfg = Debug|Any CPU
		{C0384A1C-DB62-ADD6-3CE2-E823F97BE9D1}.Debug|Any CPU.Build.0 = Debug|Any CPU
		{C0384A1C-DB62-ADD6-3CE2-E823F97BE9D1}.Release|Any CPU.ActiveCfg = Release|Any CPU
		{C0384A1C-DB62-ADD6-3CE2-E823F97BE9D1}.Release|Any CPU.Build.0 = Release|Any CPU
	EndGlobalSection
	GlobalSection(SolutionProperties) = preSolution
		HideSolutionNode = FALSE
	EndGlobalSection
	GlobalSection(NestedProjects) = preSolution
		{C2925AFB-96CC-45CC-9640-E12778E6600D} = {39ECF665-64BA-4AE7-8217-A155DEF64B51}
		{330AAA9F-A2F3-411E-8510-33E37714A0E8} = {39ECF665-64BA-4AE7-8217-A155DEF64B51}
		{3C191CE6-F2BB-4B1B-991D-717382932B86} = {39ECF665-64BA-4AE7-8217-A155DEF64B51}
		{C03F607D-F2C3-433E-8863-00CF706A9C58} = {39ECF665-64BA-4AE7-8217-A155DEF64B51}
		{91B6B3B9-5820-4B9C-9993-8EC653AB718D} = {B191BADD-6702-44A3-B2D8-D4C012EB64B6}
		{272C3269-12F2-4965-8401-4C39BFD7F307} = {B191BADD-6702-44A3-B2D8-D4C012EB64B6}
		{3F7A8CB1-A241-4CEB-A0DC-61D4011DDBCC} = {93A61FF2-E416-470A-BC58-6433FCB15E76}
		{569F6FA1-2D1F-4127-B7CC-395CB844A583} = {93A61FF2-E416-470A-BC58-6433FCB15E76}
		{3B029150-C02C-4F99-889C-1159B7336647} = {93A61FF2-E416-470A-BC58-6433FCB15E76}
		{90772216-C687-4299-9E83-A66DC5212CD3} = {93A61FF2-E416-470A-BC58-6433FCB15E76}
		{546B4E2E-2B0B-F820-6DBB-E75252BC59D4} = {39ECF665-64BA-4AE7-8217-A155DEF64B51}
		{A11B4C06-8708-4218-8948-1B53619D1DF4} = {39ECF665-64BA-4AE7-8217-A155DEF64B51}
		{A873E5B9-40EC-4F31-A37C-596BACEEB351} = {B191BADD-6702-44A3-B2D8-D4C012EB64B6}
		{C0384A1C-DB62-ADD6-3CE2-E823F97BE9D1} = {39ECF665-64BA-4AE7-8217-A155DEF64B51}
	EndGlobalSection
	GlobalSection(ExtensibilityGlobals) = postSolution
		SolutionGuid = {C6DD300C-AB99-4CF0-8A48-2F5578BC47CB}
	EndGlobalSection
EndGlobal
